
Microsoft Visual Studio Solution File, Format Version 12.00
# Visual Studio Version 16
VisualStudioVersion = 16.0.31702.278
MinimumVisualStudioVersion = 10.0.40219.1
Project("{FAE04EC0-301F-11D3-BF4B-00C04F79EFBC}") = "FuncOperationsApplication", "WindowsFormsApplication1\FuncOperationsApplication.csproj", "{0BDCAD53-B8C6-403F-9BE6-AFB48ECCF389}"
EndProject
Project("{FAE04EC0-301F-11D3-BF4B-00C04F79EFBC}") = "SeasonGuessingApp1", "SeasonGuessingApp1\SeasonGuessingApp1.csproj", "{DC360D34-C2FE-456B-A8B7-71F11E56AC47}"
EndProject
Project("{FAE04EC0-301F-11D3-BF4B-00C04F79EFBC}") = "Sugeno", "Sugeno\Sugeno.csproj", "{E6FC8E4E-5FFE-4A61-B366-9DF789DED19B}"
EndProject
Project("{FAE04EC0-301F-11D3-BF4B-00C04F79EFBC}") = "ImageRecognition2", "ImageRecognition2\ImageRecognition2.csproj", "{468FE806-1769-4DB2-A644-ADC28B32A604}"
EndProject
Global
	GlobalSection(SolutionConfigurationPlatforms) = preSolution
		Debug|Any CPU = Debug|Any CPU
		Release|Any CPU = Release|Any CPU
	EndGlobalSection
	GlobalSection(ProjectConfigurationPlatforms) = postSolution
		{0BDCAD53-B8C6-403F-9BE6-AFB48ECCF389}.Debug|Any CPU.ActiveCfg = Debug|Any CPU
		{0BDCAD53-B8C6-403F-9BE6-AFB48ECCF389}.Debug|Any CPU.Build.0 = Debug|Any CPU
		{0BDCAD53-B8C6-403F-9BE6-AFB48ECCF389}.Release|Any CPU.ActiveCfg = Release|Any CPU
		{0BDCAD53-B8C6-403F-9BE6-AFB48ECCF389}.Release|Any CPU.Build.0 = Release|Any CPU
		{DC360D34-C2FE-456B-A8B7-71F11E56AC47}.Debug|Any CPU.ActiveCfg = Debug|Any CPU
		{DC360D34-C2FE-456B-A8B7-71F11E56AC47}.Debug|Any CPU.Build.0 = Debug|Any CPU
		{DC360D34-C2FE-456B-A8B7-71F11E56AC47}.Release|Any CPU.ActiveCfg = Release|Any CPU
		{DC360D34-C2FE-456B-A8B7-71F11E56AC47}.Release|Any CPU.Build.0 = Release|Any CPU
		{E6FC8E4E-5FFE-4A61-B366-9DF789DED19B}.Debug|Any CPU.ActiveCfg = Debug|Any CPU
		{E6FC8E4E-5FFE-4A61-B366-9DF789DED19B}.Debug|Any CPU.Build.0 = Debug|Any CPU
		{E6FC8E4E-5FFE-4A61-B366-9DF789DED19B}.Release|Any CPU.ActiveCfg = Release|Any CPU
		{E6FC8E4E-5FFE-4A61-B366-9DF789DED19B}.Release|Any CPU.Build.0 = Release|Any CPU
		{468FE806-1769-4DB2-A644-ADC28B32A604}.Debug|Any CPU.ActiveCfg = Debug|Any CPU
		{468FE806-1769-4DB2-A644-ADC28B32A604}.Debug|Any CPU.Build.0 = Debug|Any CPU
		{468FE806-1769-4DB2-A644-ADC28B32A604}.Release|Any CPU.ActiveCfg = Release|Any CPU
		{468FE806-1769-4DB2-A644-ADC28B32A604}.Release|Any CPU.Build.0 = Release|Any CPU
	EndGlobalSection
	GlobalSection(SolutionProperties) = preSolution
		HideSolutionNode = FALSE
	EndGlobalSection
	GlobalSection(ExtensibilityGlobals) = postSolution
		SolutionGuid = {38BF2CC4-C647-4B29-887F-B02A3E938CAB}
	EndGlobalSection
EndGlobal
